schema: '2.0'
stages:
  get_data:
    cmd: python get_data.py
    deps:
    - path: get_data.py
      md5: 9faa4de082e123fdbe458ad095f677bf
      size: 566
    outs:
    - path: data/test_features.csv
      md5: b6a0c5eaa01aa2d1f85c3ebdd369f70b
      size: 127501
    - path: data/test_labels.csv
      md5: 04b0f79abf6c578f428ca472e5349ad9
      size: 6250
    - path: data/train_features.csv
      md5: 1d50fb64fc9f06b2bdf674fbfbeb5dfe
      size: 382456
    - path: data/train_labels.csv
      md5: 3ed0f0b46481d277081f3aa752206b99
      size: 18750
  requires:
    cmd: sudo pip install -r /home/abdulrahman/Desktop/cml/cml-example-base/requirements.txt
    deps:
    - path: requirements.txt
      md5: 5af9463ae1f636ac1d0b2069ddeac6ff
      size: 43
  train:
    cmd: python train.py
    deps:
    - path: train.py
      md5: 52a78b9e1394737108418b0e0c49149f
      size: 765
    outs:
    - path: metrics.txt
      md5: 31c7606e7b792e4376f53c1e7d468670
      size: 16
    - path: plot.png
      md5: a903e0fb2d84a54a4378ac406a56cb4a
      size: 16982
